
Microsoft Visual Studio Solution File, Format Version 12.00
# Visual Studio Version 16
VisualStudioVersion = 16.0.30523.141
MinimumVisualStudioVersion = 10.0.40219.1
Project("{FAE04EC0-301F-11D3-BF4B-00C04F79EFBC}") = "Actividad.UWP", "Actividad\Actividad.UWP\Actividad.UWP.csproj", "{20A4362D-4095-4A28-AFE8-A7E34E4F05B3}"
EndProject
Project("{FAE04EC0-301F-11D3-BF4B-00C04F79EFBC}") = "Actividad.Android", "Actividad\Actividad.Android\Actividad.Android.csproj", "{5D771038-AD30-47EB-81CD-70B7FC030544}"
EndProject
Project("{FAE04EC0-301F-11D3-BF4B-00C04F79EFBC}") = "Actividad.iOS", "Actividad\Actividad.iOS\Actividad.iOS.csproj", "{B02065F0-DE9A-49E9-B4BA-0F2FA73AAC22}"
EndProject
Project("{FAE04EC0-301F-11D3-BF4B-00C04F79EFBC}") = "Actividad", "Actividad\Actividad\Actividad.csproj", "{48F9048C-8781-42DB-A4C4-E0F6D867958B}"
EndProject
Global
	GlobalSection(SolutionConfigurationPlatforms) = preSolution
		Debug|Any CPU = Debug|Any CPU
		Debug|ARM = Debug|ARM
		Debug|iPhone = Debug|iPhone
		Debug|iPhoneSimulator = Debug|iPhoneSimulator
		Debug|x64 = Debug|x64
		Debug|x86 = Debug|x86
		Release|Any CPU = Release|Any CPU
		Release|ARM = Release|ARM
		Release|iPhone = Release|iPhone
		Release|iPhoneSimulator = Release|iPhoneSimulator
		Release|x64 = Release|x64
		Release|x86 = Release|x86
	EndGlobalSection
	GlobalSection(ProjectConfigurationPlatforms) = postSolution
		{20A4362D-4095-4A28-AFE8-A7E34E4F05B3}.Debug|Any CPU.ActiveCfg = Debug|x86
		{20A4362D-4095-4A28-AFE8-A7E34E4F05B3}.Debug|Any CPU.Build.0 = Debug|x86
		{20A4362D-4095-4A28-AFE8-A7E34E4F05B3}.Debug|Any CPU.Deploy.0 = Debug|x86
		{20A4362D-4095-4A28-AFE8-A7E34E4F05B3}.Debug|ARM.ActiveCfg = Debug|ARM
		{20A4362D-4095-4A28-AFE8-A7E34E4F05B3}.Debug|ARM.Build.0 = Debug|ARM
		{20A4362D-4095-4A28-AFE8-A7E34E4F05B3}.Debug|ARM.Deploy.0 = Debug|ARM
		{20A4362D-4095-4A28-AFE8-A7E34E4F05B3}.Debug|iPhone.ActiveCfg = Debug|x86
		{20A4362D-4095-4A28-AFE8-A7E34E4F05B3}.Debug|iPhone.Build.0 = Debug|x86
		{20A4362D-4095-4A28-AFE8-A7E34E4F05B3}.Debug|iPhone.Deploy.0 = Debug|x86
		{20A4362D-4095-4A28-AFE8-A7E34E4F05B3}.Debug|iPhoneSimulator.ActiveCfg = Debug|x86
		{20A4362D-4095-4A28-AFE8-A7E34E4F05B3}.Debug|iPhoneSimulator.Build.0 = Debug|x86
		{20A4362D-4095-4A28-AFE8-A7E34E4F05B3}.Debug|iPhoneSimulator.Deploy.0 = Debug|x86
		{20A4362D-4095-4A28-AFE8-A7E34E4F05B3}.Debug|x64.ActiveCfg = Debug|x64
		{20A4362D-4095-4A28-AFE8-A7E34E4F05B3}.Debug|x64.Build.0 = Debug|x64
		{20A4362D-4095-4A28-AFE8-A7E34E4F05B3}.Debug|x64.Deploy.0 = Debug|x64
		{20A4362D-4095-4A28-AFE8-A7E34E4F05B3}.Debug|x86.ActiveCfg = Debug|x86
		{20A4362D-4095-4A28-AFE8-A7E34E4F05B3}.Debug|x86.Build.0 = Debug|x86
		{20A4362D-4095-4A28-AFE8-A7E34E4F05B3}.Debug|x86.Deploy.0 = Debug|x86
		{20A4362D-4095-4A28-AFE8-A7E34E4F05B3}.Release|Any CPU.ActiveCfg = Release|x86
		{20A4362D-4095-4A28-AFE8-A7E34E4F05B3}.Release|Any CPU.Build.0 = Release|x86
		{20A4362D-4095-4A28-AFE8-A7E34E4F05B3}.Release|Any CPU.Deploy.0 = Release|x86
		{20A4362D-4095-4A28-AFE8-A7E34E4F05B3}.Release|ARM.ActiveCfg = Release|ARM
		{20A4362D-4095-4A28-AFE8-A7E34E4F05B3}.Release|ARM.Build.0 = Release|ARM
		{20A4362D-4095-4A28-AFE8-A7E34E4F05B3}.Release|ARM.Deploy.0 = Release|ARM
		{20A4362D-4095-4A28-AFE8-A7E34E4F05B3}.Release|iPhone.ActiveCfg = Release|x86
		{20A4362D-4095-4A28-AFE8-A7E34E4F05B3}.Release|iPhone.Build.0 = Release|x86
		{20A4362D-4095-4A28-AFE8-A7E34E4F05B3}.Release|iPhone.Deploy.0 = Release|x86
		{20A4362D-4095-4A28-AFE8-A7E34E4F05B3}.Release|iPhoneSimulator.ActiveCfg = Release|x86
		{20A4362D-4095-4A28-AFE8-A7E34E4F05B3}.Release|iPhoneSimulator.Build.0 = Release|x86
		{20A4362D-4095-4A28-AFE8-A7E34E4F05B3}.Release|iPhoneSimulator.Deploy.0 = Release|x86
		{20A4362D-4095-4A28-AFE8-A7E34E4F05B3}.Release|x64.ActiveCfg = Release|x64
		{20A4362D-4095-4A28-AFE8-A7E34E4F05B3}.Release|x64.Build.0 = Release|x64
		{20A4362D-4095-4A28-AFE8-A7E34E4F05B3}.Release|x64.Deploy.0 = Release|x64
		{20A4362D-4095-4A28-AFE8-A7E34E4F05B3}.Release|x86.ActiveCfg = Release|x86
		{20A4362D-4095-4A28-AFE8-A7E34E4F05B3}.Release|x86.Build.0 = Release|x86
		{20A4362D-4095-4A28-AFE8-A7E34E4F05B3}.Release|x86.Deploy.0 = Release|x86
		{5D771038-AD30-47EB-81CD-70B7FC030544}.Debug|Any CPU.ActiveCfg = Debug|Any CPU
		{5D771038-AD30-47EB-81CD-70B7FC030544}.Debug|Any CPU.Build.0 = Debug|Any CPU
		{5D771038-AD30-47EB-81CD-70B7FC030544}.Debug|Any CPU.Deploy.0 = Debug|Any CPU
		{5D771038-AD30-47EB-81CD-70B7FC030544}.Debug|ARM.ActiveCfg = Debug|Any CPU
		{5D771038-AD30-47EB-81CD-70B7FC030544}.Debug|ARM.Build.0 = Debug|Any CPU
		{5D771038-AD30-47EB-81CD-70B7FC030544}.Debug|ARM.Deploy.0 = Debug|Any CPU
		{5D771038-AD30-47EB-81CD-70B7FC030544}.Debug|iPhone.ActiveCfg = Debug|Any CPU
		{5D771038-AD30-47EB-81CD-70B7FC030544}.Debug|iPhone.Build.0 = Debug|Any CPU
		{5D771038-AD30-47EB-81CD-70B7FC030544}.Debug|iPhone.Deploy.0 = Debug|Any CPU
		{5D771038-AD30-47EB-81CD-70B7FC030544}.Debug|iPhoneSimulator.ActiveCfg = Debug|Any CPU
		{5D771038-AD30-47EB-81CD-70B7FC030544}.Debug|iPhoneSimulator.Build.0 = Debug|Any CPU
		{5D771038-AD30-47EB-81CD-70B7FC030544}.Debug|iPhoneSimulator.Deploy.0 = Debug|Any CPU
		{5D771038-AD30-47EB-81CD-70B7FC030544}.Debug|x64.ActiveCfg = Debug|Any CPU
		{5D771038-AD30-47EB-81CD-70B7FC030544}.Debug|x64.Build.0 = Debug|Any CPU
		{5D771038-AD30-47EB-81CD-70B7FC030544}.Debug|x64.Deploy.0 = Debug|Any CPU
		{5D771038-AD30-47EB-81CD-70B7FC030544}.Debug|x86.ActiveCfg = Debug|Any CPU
		{5D771038-AD30-47EB-81CD-70B7FC030544}.Debug|x86.Build.0 = Debug|Any CPU
		{5D771038-AD30-47EB-81CD-70B7FC030544}.Debug|x86.Deploy.0 = Debug|Any CPU
		{5D771038-AD30-47EB-81CD-70B7FC030544}.Release|Any CPU.ActiveCfg = Release|Any CPU
		{5D771038-AD30-47EB-81CD-70B7FC030544}.Release|Any CPU.Build.0 = Release|Any CPU
		{5D771038-AD30-47EB-81CD-70B7FC030544}.Release|Any CPU.Deploy.0 = Release|Any CPU
		{5D771038-AD30-47EB-81CD-70B7FC030544}.Release|ARM.ActiveCfg = Release|Any CPU
		{5D771038-AD30-47EB-81CD-70B7FC030544}.Release|ARM.Build.0 = Release|Any CPU
		{5D771038-AD30-47EB-81CD-70B7FC030544}.Release|ARM.Deploy.0 = Release|Any CPU
		{5D771038-AD30-47EB-81CD-70B7FC030544}.Release|iPhone.ActiveCfg = Release|Any CPU
		{5D771038-AD30-47EB-81CD-70B7FC030544}.Release|iPhone.Build.0 = Release|Any CPU
		{5D771038-AD30-47EB-81CD-70B7FC030544}.Release|iPhone.Deploy.0 = Release|Any CPU
		{5D771038-AD30-47EB-81CD-70B7FC030544}.Release|iPhoneSimulator.ActiveCfg = Release|Any CPU
		{5D771038-AD30-47EB-81CD-70B7FC030544}.Release|iPhoneSimulator.Build.0 = Release|Any CPU
		{5D771038-AD30-47EB-81CD-70B7FC030544}.Release|iPhoneSimulator.Deploy.0 = Release|Any CPU
		{5D771038-AD30-47EB-81CD-70B7FC030544}.Release|x64.ActiveCfg = Release|Any CPU
		{5D771038-AD30-47EB-81CD-70B7FC030544}.Release|x64.Build.0 = Release|Any CPU
		{5D771038-AD30-47EB-81CD-70B7FC030544}.Release|x64.Deploy.0 = Release|Any CPU
		{5D771038-AD30-47EB-81CD-70B7FC030544}.Release|x86.ActiveCfg = Release|Any CPU
		{5D771038-AD30-47EB-81CD-70B7FC030544}.Release|x86.Build.0 = Release|Any CPU
		{5D771038-AD30-47EB-81CD-70B7FC030544}.Release|x86.Deploy.0 = Release|Any CPU
		{B02065F0-DE9A-49E9-B4BA-0F2FA73AAC22}.Debug|Any CPU.ActiveCfg = Debug|iPhoneSimulator
		{B02065F0-DE9A-49E9-B4BA-0F2FA73AAC22}.Debug|Any CPU.Build.0 = Debug|iPhoneSimulator
		{B02065F0-DE9A-49E9-B4BA-0F2FA73AAC22}.Debug|Any CPU.Deploy.0 = Debug|iPhoneSimulator
		{B02065F0-DE9A-49E9-B4BA-0F2FA73AAC22}.Debug|ARM.ActiveCfg = Debug|iPhone
		{B02065F0-DE9A-49E9-B4BA-0F2FA73AAC22}.Debug|ARM.Build.0 = Debug|iPhone
		{B02065F0-DE9A-49E9-B4BA-0F2FA73AAC22}.Debug|ARM.Deploy.0 = Debug|iPhone
		{B02065F0-DE9A-49E9-B4BA-0F2FA73AAC22}.Debug|iPhone.ActiveCfg = Debug|iPhone
		{B02065F0-DE9A-49E9-B4BA-0F2FA73AAC22}.Debug|iPhone.Build.0 = Debug|iPhone
		{B02065F0-DE9A-49E9-B4BA-0F2FA73AAC22}.Debug|iPhone.Deploy.0 = Debug|iPhone
		{B02065F0-DE9A-49E9-B4BA-0F2FA73AAC22}.Debug|iPhoneSimulator.ActiveCfg = Debug|iPhoneSimulator
		{B02065F0-DE9A-49E9-B4BA-0F2FA73AAC22}.Debug|iPhoneSimulator.Build.0 = Debug|iPhoneSimulator
		{B02065F0-DE9A-49E9-B4BA-0F2FA73AAC22}.Debug|iPhoneSimulator.Deploy.0 = Debug|iPhoneSimulator
		{B02065F0-DE9A-49E9-B4BA-0F2FA73AAC22}.Debug|x64.ActiveCfg = Debug|iPhoneSimulator
		{B02065F0-DE9A-49E9-B4BA-0F2FA73AAC22}.Debug|x64.Build.0 = Debug|iPhoneSimulator
		{B02065F0-DE9A-49E9-B4BA-0F2FA73AAC22}.Debug|x64.Deploy.0 = Debug|iPhoneSimulator
		{B02065F0-DE9A-49E9-B4BA-0F2FA73AAC22}.Debug|x86.ActiveCfg = Debug|iPhoneSimulator
		{B02065F0-DE9A-49E9-B4BA-0F2FA73AAC22}.Debug|x86.Build.0 = Debug|iPhoneSimulator
		{B02065F0-DE9A-49E9-B4BA-0F2FA73AAC22}.Debug|x86.Deploy.0 = Debug|iPhoneSimulator
		{B02065F0-DE9A-49E9-B4BA-0F2FA73AAC22}.Release|Any CPU.ActiveCfg = Release|iPhoneSimulator
		{B02065F0-DE9A-49E9-B4BA-0F2FA73AAC22}.Release|Any CPU.Build.0 = Release|iPhoneSimulator
		{B02065F0-DE9A-49E9-B4BA-0F2FA73AAC22}.Release|Any CPU.Deploy.0 = Release|iPhoneSimulator
		{B02065F0-DE9A-49E9-B4BA-0F2FA73AAC22}.Release|ARM.ActiveCfg = Release|iPhoneSimulator
		{B02065F0-DE9A-49E9-B4BA-0F2FA73AAC22}.Release|ARM.Build.0 = Release|iPhoneSimulator
		{B02065F0-DE9A-49E9-B4BA-0F2FA73AAC22}.Release|ARM.Deploy.0 = Release|iPhoneSimulator
		{B02065F0-DE9A-49E9-B4BA-0F2FA73AAC22}.Release|iPhone.ActiveCfg = Release|iPhone
		{B02065F0-DE9A-49E9-B4BA-0F2FA73AAC22}.Release|iPhone.Build.0 = Release|iPhone
		{B02065F0-DE9A-49E9-B4BA-0F2FA73AAC22}.Release|iPhone.Deploy.0 = Release|iPhone
		{B02065F0-DE9A-49E9-B4BA-0F2FA73AAC22}.Release|iPhoneSimulator.ActiveCfg = Release|iPhoneSimulator
		{B02065F0-DE9A-49E9-B4BA-0F2FA73AAC22}.Release|iPhoneSimulator.Build.0 = Release|iPhoneSimulator
		{B02065F0-DE9A-49E9-B4BA-0F2FA73AAC22}.Release|iPhoneSimulator.Deploy.0 = Release|iPhoneSimulator
		{B02065F0-DE9A-49E9-B4BA-0F2FA73AAC22}.Release|x64.ActiveCfg = Release|iPhoneSimulator
		{B02065F0-DE9A-49E9-B4BA-0F2FA73AAC22}.Release|x64.Build.0 = Release|iPhoneSimulator
		{B02065F0-DE9A-49E9-B4BA-0F2FA73AAC22}.Release|x64.Deploy.0 = Release|iPhoneSimulator
		{B02065F0-DE9A-49E9-B4BA-0F2FA73AAC22}.Release|x86.ActiveCfg = Release|iPhoneSimulator
		{B02065F0-DE9A-49E9-B4BA-0F2FA73AAC22}.Release|x86.Build.0 = Release|iPhoneSimulator
		{B02065F0-DE9A-49E9-B4BA-0F2FA73AAC22}.Release|x86.Deploy.0 = Release|iPhoneSimulator
		{48F9048C-8781-42DB-A4C4-E0F6D867958B}.Debug|Any CPU.ActiveCfg = Debug|Any CPU
		{48F9048C-8781-42DB-A4C4-E0F6D867958B}.Debug|Any CPU.Build.0 = Debug|Any CPU
		{48F9048C-8781-42DB-A4C4-E0F6D867958B}.Debug|Any CPU.Deploy.0 = Debug|Any CPU
		{48F9048C-8781-42DB-A4C4-E0F6D867958B}.Debug|ARM.ActiveCfg = Debug|Any CPU
		{48F9048C-8781-42DB-A4C4-E0F6D867958B}.Debug|ARM.Build.0 = Debug|Any CPU
		{48F9048C-8781-42DB-A4C4-E0F6D867958B}.Debug|ARM.Deploy.0 = Debug|Any CPU
		{48F9048C-8781-42DB-A4C4-E0F6D867958B}.Debug|iPhone.ActiveCfg = Debug|Any CPU
		{48F9048C-8781-42DB-A4C4-E0F6D867958B}.Debug|iPhone.Build.0 = Debug|Any CPU
		{48F9048C-8781-42DB-A4C4-E0F6D867958B}.Debug|iPhone.Deploy.0 = Debug|Any CPU
		{48F9048C-8781-42DB-A4C4-E0F6D867958B}.Debug|iPhoneSimulator.ActiveCfg = Debug|Any CPU
		{48F9048C-8781-42DB-A4C4-E0F6D867958B}.Debug|iPhoneSimulator.Build.0 = Debug|Any CPU
		{48F9048C-8781-42DB-A4C4-E0F6D867958B}.Debug|iPhoneSimulator.Deploy.0 = Debug|Any CPU
		{48F9048C-8781-42DB-A4C4-E0F6D867958B}.Debug|x64.ActiveCfg = Debug|Any CPU
		{48F9048C-8781-42DB-A4C4-E0F6D867958B}.Debug|x64.Build.0 = Debug|Any CPU
		{48F9048C-8781-42DB-A4C4-E0F6D867958B}.Debug|x64.Deploy.0 = Debug|Any CPU
		{48F9048C-8781-42DB-A4C4-E0F6D867958B}.Debug|x86.ActiveCfg = Debug|Any CPU
		{48F9048C-8781-42DB-A4C4-E0F6D867958B}.Debug|x86.Build.0 = Debug|Any CPU
		{48F9048C-8781-42DB-A4C4-E0F6D867958B}.Debug|x86.Deploy.0 = Debug|Any CPU
		{48F9048C-8781-42DB-A4C4-E0F6D867958B}.Release|Any CPU.ActiveCfg = Release|Any CPU
		{48F9048C-8781-42DB-A4C4-E0F6D867958B}.Release|Any CPU.Build.0 = Release|Any CPU
		{48F9048C-8781-42DB-A4C4-E0F6D867958B}.Release|Any CPU.Deploy.0 = Release|Any CPU
		{48F9048C-8781-42DB-A4C4-E0F6D867958B}.Release|ARM.ActiveCfg = Release|Any CPU
		{48F9048C-8781-42DB-A4C4-E0F6D867958B}.Release|ARM.Build.0 = Release|Any CPU
		{48F9048C-8781-42DB-A4C4-E0F6D867958B}.Release|ARM.Deploy.0 = Release|Any CPU
		{48F9048C-8781-42DB-A4C4-E0F6D867958B}.Release|iPhone.ActiveCfg = Release|Any CPU
		{48F9048C-8781-42DB-A4C4-E0F6D867958B}.Release|iPhone.Build.0 = Release|Any CPU
		{48F9048C-8781-42DB-A4C4-E0F6D867958B}.Release|iPhone.Deploy.0 = Release|Any CPU
		{48F9048C-8781-42DB-A4C4-E0F6D867958B}.Release|iPhoneSimulator.ActiveCfg = Release|Any CPU
		{48F9048C-8781-42DB-A4C4-E0F6D867958B}.Release|iPhoneSimulator.Build.0 = Release|Any CPU
		{48F9048C-8781-42DB-A4C4-E0F6D867958B}.Release|iPhoneSimulator.Deploy.0 = Release|Any CPU
		{48F9048C-8781-42DB-A4C4-E0F6D867958B}.Release|x64.ActiveCfg = Release|Any CPU
		{48F9048C-8781-42DB-A4C4-E0F6D867958B}.Release|x64.Build.0 = Release|Any CPU
		{48F9048C-8781-42DB-A4C4-E0F6D867958B}.Release|x64.Deploy.0 = Release|Any CPU
		{48F9048C-8781-42DB-A4C4-E0F6D867958B}.Release|x86.ActiveCfg = Release|Any CPU
		{48F9048C-8781-42DB-A4C4-E0F6D867958B}.Release|x86.Build.0 = Release|Any CPU
		{48F9048C-8781-42DB-A4C4-E0F6D867958B}.Release|x86.Deploy.0 = Release|Any CPU
	EndGlobalSection
	GlobalSection(SolutionProperties) = preSolution
		HideSolutionNode = FALSE
	EndGlobalSection
	GlobalSection(ExtensibilityGlobals) = postSolution
		SolutionGuid = {831CBDEA-7CE2-47E0-9E11-BEB62FE6F24E}
	EndGlobalSection
EndGlobal
